# This file was autogenerated by Stack.
# You should not edit this file by hand.
# For more information, please see the documentation at:
#   https://docs.haskellstack.org/en/stable/lock_files

packages:
- completed:
    hackage: monad-gen-0.3.0.1@sha256:a2569465cfbd468d3350ef25de56b3362580e77537224313aab1210f40804a3b,821
    pantry-tree:
      size: 288
      sha256: a825dc8dcc3ee27dbbc1b71f6853703790ed320249b8f8510bb36d726664e795
  original:
    hackage: monad-gen-0.3.0.1
- completed:
    hackage: pandoc-sidenote-0.19.0.0@sha256:f5a5fdab1900da7b26ca673d14302b0a27b56024ca811babcacab79ba9614e90,1196
    pantry-tree:
      size: 273
      sha256: 0d23026f86da13ca57aaa0041bfe719cf7acbeddbadbbe1bb8e265316dcfce49
  original:
    hackage: pandoc-sidenote-0.19.0.0
snapshots:
- completed:
    size: 535928
    url: https://raw.githubusercontent.com/commercialhaskell/stackage-snapshots/master/lts/9/12.yaml
    sha256: 5529c3c1286caaa7c763be6fa662460d07d321e9e908f399876dfc3983a609e8
  original: lts-9.12
